
Microsoft Visual Studio Solution File, Format Version 12.00
# Visual Studio 2013
VisualStudioVersion = 12.0.30501.0
MinimumVisualStudioVersion = 10.0.40219.1
Project("{8BC9CEB8-8B4A-11D0-8D11-00A0C91BC942}") = "netgenlib", "netgenlib.vcxproj", "{87468946-A594-4101-81A4-A131F35261EF}"
EndProject
Project("{8BC9CEB8-8B4A-11D0-8D11-00A0C91BC942}") = "netgen", "netgen.vcxproj", "{E4B8EAAB-0585-4580-AEA3-D62ADEEF81B1}"
	ProjectSection(ProjectDependencies) = postProject
		{87468946-A594-4101-81A4-A131F35261EF} = {87468946-A594-4101-81A4-A131F35261EF}
	EndProjectSection
EndProject
Project("{8BC9CEB8-8B4A-11D0-8D11-00A0C91BC942}") = "netgenpy", "netgenpy.vcxproj", "{980DA51E-5212-4444-8A5F-5E998D9A2B89}"
	ProjectSection(ProjectDependencies) = postProject
		{87468946-A594-4101-81A4-A131F35261EF} = {87468946-A594-4101-81A4-A131F35261EF}
	EndProjectSection
EndProject
Global
	GlobalSection(SolutionConfigurationPlatforms) = preSolution
		Debug(OCC)|Mixed Platforms = Debug(OCC)|Mixed Platforms
		Debug(OCC)|Win32 = Debug(OCC)|Win32
		Debug(OCC)|x64 = Debug(OCC)|x64
		Debug|Mixed Platforms = Debug|Mixed Platforms
		Debug|Win32 = Debug|Win32
		Debug|x64 = Debug|x64
		Release(OCC)|Mixed Platforms = Release(OCC)|Mixed Platforms
		Release(OCC)|Win32 = Release(OCC)|Win32
		Release(OCC)|x64 = Release(OCC)|x64
		Release|Mixed Platforms = Release|Mixed Platforms
		Release|Win32 = Release|Win32
		Release|x64 = Release|x64
	EndGlobalSection
	GlobalSection(ProjectConfigurationPlatforms) = postSolution
		{87468946-A594-4101-81A4-A131F35261EF}.Debug(OCC)|Mixed Platforms.ActiveCfg = Debug(OCC)|Win32
		{87468946-A594-4101-81A4-A131F35261EF}.Debug(OCC)|Mixed Platforms.Build.0 = Debug(OCC)|Win32
		{87468946-A594-4101-81A4-A131F35261EF}.Debug(OCC)|Win32.ActiveCfg = Debug(OCC)|Win32
		{87468946-A594-4101-81A4-A131F35261EF}.Debug(OCC)|Win32.Build.0 = Debug(OCC)|Win32
		{87468946-A594-4101-81A4-A131F35261EF}.Debug(OCC)|x64.ActiveCfg = Debug(OCC)|x64
		{87468946-A594-4101-81A4-A131F35261EF}.Debug(OCC)|x64.Build.0 = Debug(OCC)|x64
		{87468946-A594-4101-81A4-A131F35261EF}.Debug|Mixed Platforms.ActiveCfg = Debug|Win32
		{87468946-A594-4101-81A4-A131F35261EF}.Debug|Mixed Platforms.Build.0 = Debug|Win32
		{87468946-A594-4101-81A4-A131F35261EF}.Debug|Win32.ActiveCfg = Debug|Win32
		{87468946-A594-4101-81A4-A131F35261EF}.Debug|Win32.Build.0 = Debug|Win32
		{87468946-A594-4101-81A4-A131F35261EF}.Debug|x64.ActiveCfg = Debug|x64
		{87468946-A594-4101-81A4-A131F35261EF}.Debug|x64.Build.0 = Debug|x64
		{87468946-A594-4101-81A4-A131F35261EF}.Release(OCC)|Mixed Platforms.ActiveCfg = Release(OCC)|Win32
		{87468946-A594-4101-81A4-A131F35261EF}.Release(OCC)|Mixed Platforms.Build.0 = Release(OCC)|Win32
		{87468946-A594-4101-81A4-A131F35261EF}.Release(OCC)|Win32.ActiveCfg = Release(OCC)|Win32
		{87468946-A594-4101-81A4-A131F35261EF}.Release(OCC)|Win32.Build.0 = Release(OCC)|Win32
		{87468946-A594-4101-81A4-A131F35261EF}.Release(OCC)|x64.ActiveCfg = Release(OCC)|x64
		{87468946-A594-4101-81A4-A131F35261EF}.Release(OCC)|x64.Build.0 = Release(OCC)|x64
		{87468946-A594-4101-81A4-A131F35261EF}.Release|Mixed Platforms.ActiveCfg = Release|Win32
		{87468946-A594-4101-81A4-A131F35261EF}.Release|Mixed Platforms.Build.0 = Release|Win32
		{87468946-A594-4101-81A4-A131F35261EF}.Release|Win32.ActiveCfg = Release|Win32
		{87468946-A594-4101-81A4-A131F35261EF}.Release|Win32.Build.0 = Release|Win32
		{87468946-A594-4101-81A4-A131F35261EF}.Release|x64.ActiveCfg = Release|x64
		{87468946-A594-4101-81A4-A131F35261EF}.Release|x64.Build.0 = Release|x64
		{E4B8EAAB-0585-4580-AEA3-D62ADEEF81B1}.Debug(OCC)|Mixed Platforms.ActiveCfg = Debug|Win32
		{E4B8EAAB-0585-4580-AEA3-D62ADEEF81B1}.Debug(OCC)|Mixed Platforms.Build.0 = Debug|Win32
		{E4B8EAAB-0585-4580-AEA3-D62ADEEF81B1}.Debug(OCC)|Win32.ActiveCfg = Debug|Win32
		{E4B8EAAB-0585-4580-AEA3-D62ADEEF81B1}.Debug(OCC)|Win32.Build.0 = Debug|Win32
		{E4B8EAAB-0585-4580-AEA3-D62ADEEF81B1}.Debug(OCC)|x64.ActiveCfg = Debug|x64
		{E4B8EAAB-0585-4580-AEA3-D62ADEEF81B1}.Debug(OCC)|x64.Build.0 = Debug|x64
		{E4B8EAAB-0585-4580-AEA3-D62ADEEF81B1}.Debug|Mixed Platforms.ActiveCfg = Debug|Win32
		{E4B8EAAB-0585-4580-AEA3-D62ADEEF81B1}.Debug|Mixed Platforms.Build.0 = Debug|Win32
		{E4B8EAAB-0585-4580-AEA3-D62ADEEF81B1}.Debug|Win32.ActiveCfg = Debug|Win32
		{E4B8EAAB-0585-4580-AEA3-D62ADEEF81B1}.Debug|Win32.Build.0 = Debug|Win32
		{E4B8EAAB-0585-4580-AEA3-D62ADEEF81B1}.Debug|x64.ActiveCfg = Debug|x64
		{E4B8EAAB-0585-4580-AEA3-D62ADEEF81B1}.Debug|x64.Build.0 = Debug|x64
		{E4B8EAAB-0585-4580-AEA3-D62ADEEF81B1}.Release(OCC)|Mixed Platforms.ActiveCfg = Release|Win32
		{E4B8EAAB-0585-4580-AEA3-D62ADEEF81B1}.Release(OCC)|Mixed Platforms.Build.0 = Release|Win32
		{E4B8EAAB-0585-4580-AEA3-D62ADEEF81B1}.Release(OCC)|Win32.ActiveCfg = Release|Win32
		{E4B8EAAB-0585-4580-AEA3-D62ADEEF81B1}.Release(OCC)|Win32.Build.0 = Release|Win32
		{E4B8EAAB-0585-4580-AEA3-D62ADEEF81B1}.Release(OCC)|x64.ActiveCfg = Release(OCC)|x64
		{E4B8EAAB-0585-4580-AEA3-D62ADEEF81B1}.Release(OCC)|x64.Build.0 = Release(OCC)|x64
		{E4B8EAAB-0585-4580-AEA3-D62ADEEF81B1}.Release|Mixed Platforms.ActiveCfg = Release|Win32
		{E4B8EAAB-0585-4580-AEA3-D62ADEEF81B1}.Release|Mixed Platforms.Build.0 = Release|Win32
		{E4B8EAAB-0585-4580-AEA3-D62ADEEF81B1}.Release|Win32.ActiveCfg = Release|Win32
		{E4B8EAAB-0585-4580-AEA3-D62ADEEF81B1}.Release|Win32.Build.0 = Release|Win32
		{E4B8EAAB-0585-4580-AEA3-D62ADEEF81B1}.Release|x64.ActiveCfg = Release|x64
		{E4B8EAAB-0585-4580-AEA3-D62ADEEF81B1}.Release|x64.Build.0 = Release|x64
		{980DA51E-5212-4444-8A5F-5E998D9A2B89}.Debug(OCC)|Mixed Platforms.ActiveCfg = Debug|Win32
		{980DA51E-5212-4444-8A5F-5E998D9A2B89}.Debug(OCC)|Mixed Platforms.Build.0 = Debug|Win32
		{980DA51E-5212-4444-8A5F-5E998D9A2B89}.Debug(OCC)|Win32.ActiveCfg = Debug|Win32
		{980DA51E-5212-4444-8A5F-5E998D9A2B89}.Debug(OCC)|Win32.Build.0 = Debug|Win32
		{980DA51E-5212-4444-8A5F-5E998D9A2B89}.Debug(OCC)|x64.ActiveCfg = Debug|x64
		{980DA51E-5212-4444-8A5F-5E998D9A2B89}.Debug(OCC)|x64.Build.0 = Debug|x64
		{980DA51E-5212-4444-8A5F-5E998D9A2B89}.Debug|Mixed Platforms.ActiveCfg = Debug|Win32
		{980DA51E-5212-4444-8A5F-5E998D9A2B89}.Debug|Mixed Platforms.Build.0 = Debug|Win32
		{980DA51E-5212-4444-8A5F-5E998D9A2B89}.Debug|Win32.ActiveCfg = Debug|Win32
		{980DA51E-5212-4444-8A5F-5E998D9A2B89}.Debug|Win32.Build.0 = Debug|Win32
		{980DA51E-5212-4444-8A5F-5E998D9A2B89}.Debug|x64.ActiveCfg = Debug|x64
		{980DA51E-5212-4444-8A5F-5E998D9A2B89}.Debug|x64.Build.0 = Debug|x64
		{980DA51E-5212-4444-8A5F-5E998D9A2B89}.Release(OCC)|Mixed Platforms.ActiveCfg = Release(OCC)|Win32
		{980DA51E-5212-4444-8A5F-5E998D9A2B89}.Release(OCC)|Mixed Platforms.Build.0 = Release(OCC)|Win32
		{980DA51E-5212-4444-8A5F-5E998D9A2B89}.Release(OCC)|Win32.ActiveCfg = Release(OCC)|Win32
		{980DA51E-5212-4444-8A5F-5E998D9A2B89}.Release(OCC)|Win32.Build.0 = Release(OCC)|Win32
		{980DA51E-5212-4444-8A5F-5E998D9A2B89}.Release(OCC)|x64.ActiveCfg = Release(OCC)|x64
		{980DA51E-5212-4444-8A5F-5E998D9A2B89}.Release(OCC)|x64.Build.0 = Release(OCC)|x64
		{980DA51E-5212-4444-8A5F-5E998D9A2B89}.Release|Mixed Platforms.ActiveCfg = Release|Win32
		{980DA51E-5212-4444-8A5F-5E998D9A2B89}.Release|Mixed Platforms.Build.0 = Release|Win32
		{980DA51E-5212-4444-8A5F-5E998D9A2B89}.Release|Win32.ActiveCfg = Release|Win32
		{980DA51E-5212-4444-8A5F-5E998D9A2B89}.Release|Win32.Build.0 = Release|Win32
		{980DA51E-5212-4444-8A5F-5E998D9A2B89}.Release|x64.ActiveCfg = Release|x64
		{980DA51E-5212-4444-8A5F-5E998D9A2B89}.Release|x64.Build.0 = Release|x64
	EndGlobalSection
	GlobalSection(SolutionProperties) = preSolution
		HideSolutionNode = FALSE
	EndGlobalSection
EndGlobal
