
Microsoft Visual Studio Solution File, Format Version 13.00
# Visual Studio 2013
Project("{8BC9CEB8-8B4A-11D0-8D11-00A0C91BC942}") = "nglib", "nglib.vcxproj", "{2E260C8C-595C-442A-A962-51AC06EF8143}"
EndProject
Global
	GlobalSection(SolutionConfigurationPlatforms) = preSolution
		Debug|Win32 = Debug|Win32
		Debug|x64 = Debug|x64
		Release(OCC)|Win32 = Release(OCC)|Win32
		Release(OCC)|x64 = Release(OCC)|x64
		Release|Win32 = Release|Win32
		Release|x64 = Release|x64
	EndGlobalSection
	GlobalSection(ProjectConfigurationPlatforms) = postSolution
		{2E260C8C-595C-442A-A962-51AC06EF8143}.Debug|Win32.ActiveCfg = Debug|Win32
		{2E260C8C-595C-442A-A962-51AC06EF8143}.Debug|Win32.Build.0 = Debug|Win32
		{2E260C8C-595C-442A-A962-51AC06EF8143}.Debug|x64.ActiveCfg = Debug|x64
		{2E260C8C-595C-442A-A962-51AC06EF8143}.Debug|x64.Build.0 = Debug|x64
		{2E260C8C-595C-442A-A962-51AC06EF8143}.Release(OCC)|Win32.ActiveCfg = Release(OCC)|Win32
		{2E260C8C-595C-442A-A962-51AC06EF8143}.Release(OCC)|Win32.Build.0 = Release(OCC)|Win32
		{2E260C8C-595C-442A-A962-51AC06EF8143}.Release(OCC)|x64.ActiveCfg = Release(OCC)|x64
		{2E260C8C-595C-442A-A962-51AC06EF8143}.Release(OCC)|x64.Build.0 = Release(OCC)|x64
		{2E260C8C-595C-442A-A962-51AC06EF8143}.Release|Win32.ActiveCfg = Release|Win32
		{2E260C8C-595C-442A-A962-51AC06EF8143}.Release|Win32.Build.0 = Release|Win32
		{2E260C8C-595C-442A-A962-51AC06EF8143}.Release|x64.ActiveCfg = Release|x64
		{2E260C8C-595C-442A-A962-51AC06EF8143}.Release|x64.Build.0 = Release|x64
	EndGlobalSection
	GlobalSection(SolutionProperties) = preSolution
		HideSolutionNode = FALSE
	EndGlobalSection
EndGlobal
