
Microsoft Visual Studio Solution File, Format Version 9.00
# Visual Studio 2005
Project("{8BC9CEB8-8B4A-11D0-8D11-00A0C91BC942}") = "NGSolve", "NGSolve_MSVC2005.vcproj", "{03E079F8-BE7A-4D60-BBB3-C8B8C6E22EF3}"
EndProject
Global
	GlobalSection(SolutionConfigurationPlatforms) = preSolution
		Debug|Win32 = Debug|Win32
		Release|Win32 = Release|Win32
	EndGlobalSection
	GlobalSection(ProjectConfigurationPlatforms) = postSolution
		{03E079F8-BE7A-4D60-BBB3-C8B8C6E22EF3}.Debug|Win32.ActiveCfg = Debug|Win32
		{03E079F8-BE7A-4D60-BBB3-C8B8C6E22EF3}.Debug|Win32.Build.0 = Debug|Win32
		{03E079F8-BE7A-4D60-BBB3-C8B8C6E22EF3}.Release|Win32.ActiveCfg = Release|Win32
		{03E079F8-BE7A-4D60-BBB3-C8B8C6E22EF3}.Release|Win32.Build.0 = Release|Win32
	EndGlobalSection
	GlobalSection(SolutionProperties) = preSolution
		HideSolutionNode = FALSE
	EndGlobalSection
EndGlobal
